
Microsoft Visual Studio Solution File, Format Version 12.00
# Visual Studio Version 17
VisualStudioVersion = 17.5.33516.290
MinimumVisualStudioVersion = 10.0.40219.1
Project("{9A19103F-16F7-4668-BE54-9A1E7A4F7556}") = "OpenCLosed", "OpenCLosed\OpenCLosed.csproj", "{58A3EE13-E199-4340-A578-CCE5102A9845}"
EndProject
Project("{FAE04EC0-301F-11D3-BF4B-00C04F79EFBC}") = "SingleResponsibility", "SingleResponsibility\SingleResponsibility.csproj", "{A1F030F9-07D8-40E2-AE77-18AA8F8CA64B}"
EndProject
Global
	GlobalSection(SolutionConfigurationPlatforms) = preSolution
		Debug|Any CPU = Debug|Any CPU
		Release|Any CPU = Release|Any CPU
	EndGlobalSection
	GlobalSection(ProjectConfigurationPlatforms) = postSolution
		{58A3EE13-E199-4340-A578-CCE5102A9845}.Debug|Any CPU.ActiveCfg = Debug|Any CPU
		{58A3EE13-E199-4340-A578-CCE5102A9845}.Debug|Any CPU.Build.0 = Debug|Any CPU
		{58A3EE13-E199-4340-A578-CCE5102A9845}.Release|Any CPU.ActiveCfg = Release|Any CPU
		{58A3EE13-E199-4340-A578-CCE5102A9845}.Release|Any CPU.Build.0 = Release|Any CPU
		{A1F030F9-07D8-40E2-AE77-18AA8F8CA64B}.Debug|Any CPU.ActiveCfg = Debug|Any CPU
		{A1F030F9-07D8-40E2-AE77-18AA8F8CA64B}.Debug|Any CPU.Build.0 = Debug|Any CPU
		{A1F030F9-07D8-40E2-AE77-18AA8F8CA64B}.Release|Any CPU.ActiveCfg = Release|Any CPU
		{A1F030F9-07D8-40E2-AE77-18AA8F8CA64B}.Release|Any CPU.Build.0 = Release|Any CPU
	EndGlobalSection
	GlobalSection(SolutionProperties) = preSolution
		HideSolutionNode = FALSE
	EndGlobalSection
	GlobalSection(ExtensibilityGlobals) = postSolution
		SolutionGuid = {5B1B1ABF-A631-4EBB-A638-6F7135F3BDD1}
	EndGlobalSection
EndGlobal
